
Microsoft Visual Studio Solution File, Format Version 12.00
# Visual Studio Version 16
VisualStudioVersion = 16.0.31321.278
MinimumVisualStudioVersion = 10.0.40219.1
Project("{2150E333-8FDC-42A3-9474-1A3956D46DE8}") = "01 - Testes de Unidade", "01 - Testes de Unidade", "{3991D1EA-892F-4539-BCB0-AC59A6BEB97E}"
EndProject
Project("{2150E333-8FDC-42A3-9474-1A3956D46DE8}") = "1.1 - Testes Basicos", "1.1 - Testes Basicos", "{A73ED67A-EDE4-4131-8CEC-D6D5EC812CDA}"
EndProject
Project("{9A19103F-16F7-4668-BE54-9A1E7A4F7556}") = "Demo", "Demo\Demo.csproj", "{34D975D2-9687-4706-B809-3A9BC2E3AED1}"
EndProject
Project("{9A19103F-16F7-4668-BE54-9A1E7A4F7556}") = "Demo.Tests", "Demo.Tests\Demo.Tests.csproj", "{8CB9003E-2FC0-471B-813E-30C57A82C8AC}"
EndProject
Project("{2150E333-8FDC-42A3-9474-1A3956D46DE8}") = "2.2 - Features", "2.2 - Features", "{D9C2B6CA-F557-4FE5-8E36-14DF433E78B1}"
EndProject
Project("{9A19103F-16F7-4668-BE54-9A1E7A4F7556}") = "Features.Tests", "Features.Tests\Features.Tests.csproj", "{E8BE61D1-DBA1-4D91-A91D-48F42241352B}"
EndProject
Project("{9A19103F-16F7-4668-BE54-9A1E7A4F7556}") = "Features", "Features\Features.csproj", "{E5DD0FC7-7DA4-4EBD-9EB8-E65FA4DCD4C1}"
EndProject
Project("{2150E333-8FDC-42A3-9474-1A3956D46DE8}") = "02 - TDD", "02 - TDD", "{8B7B57F4-6AE0-40E9-95E0-545A14241F1F}"
EndProject
Project("{2150E333-8FDC-42A3-9474-1A3956D46DE8}") = "Tests", "Tests", "{F51A05A8-7585-4B01-BF33-7F37E567CD07}"
EndProject
Project("{9A19103F-16F7-4668-BE54-9A1E7A4F7556}") = "NerdStore.Vendas.Application.Tests", "02 - TDD\tests\NerdStore.Vendas.Application.Tests\NerdStore.Vendas.Application.Tests.csproj", "{7724F29B-9063-4EFB-881C-3C6F1EE1F6E0}"
EndProject
Project("{9A19103F-16F7-4668-BE54-9A1E7A4F7556}") = "NerdStore.Vendas.Domain.Tests", "02 - TDD\tests\NerdStore.Vendas.Domain.Tests\NerdStore.Vendas.Domain.Tests.csproj", "{8DC21B5C-8F44-49D7-8F2D-793AE6E6E1AA}"
EndProject
Project("{9A19103F-16F7-4668-BE54-9A1E7A4F7556}") = "NerdStore.Vendas.Domain", "02 - TDD\src\NerdStore.Vendas.Domain\NerdStore.Vendas.Domain.csproj", "{34795C35-B734-4543-BC9E-61F4C8445F42}"
EndProject
Project("{9A19103F-16F7-4668-BE54-9A1E7A4F7556}") = "NerdStore.Core", "02 - TDD\src\NerStore.Core\NerdStore.Core.csproj", "{231750A1-D285-4E27-992D-98C6FC221FBD}"
EndProject
Project("{9A19103F-16F7-4668-BE54-9A1E7A4F7556}") = "NerdStore.Vendas.Application", "02 - TDD\src\NerdStore.Vendas.Application\NerdStore.Vendas.Application.csproj", "{D31A9068-A54A-4A3E-AB9F-D7B8BBA565D7}"
EndProject
Project("{9A19103F-16F7-4668-BE54-9A1E7A4F7556}") = "NerdStore.Vendas.Data", "02 - TDD\src\NerdStore.Vendas.Data\NerdStore.Vendas.Data.csproj", "{301D4139-9595-4541-BA54-C974C4E1995F}"
EndProject
Project("{2150E333-8FDC-42A3-9474-1A3956D46DE8}") = "03 - Testes de Integração", "03 - Testes de Integração", "{766A02CB-5292-4146-ADCF-30BC067646FC}"
EndProject
Project("{2150E333-8FDC-42A3-9474-1A3956D46DE8}") = "Integration Tests", "Integration Tests", "{4243232B-E980-4BC1-9DAA-832C78EE95B4}"
EndProject
Project("{FAE04EC0-301F-11D3-BF4B-00C04F79EFBC}") = "NerdStore.WebApp.Tests", "03 - Testes de Integraçao\tests\NerdStore.WebApp.Tests\NerdStore.WebApp.Tests.csproj", "{77E96C7F-BAD5-41BB-BAFC-2610F4227580}"
EndProject
Project("{9A19103F-16F7-4668-BE54-9A1E7A4F7556}") = "NerdStore.Catalogo.Application", "03 - Testes de Integraçao\src\NerdStore.Catalogo.Application\NerdStore.Catalogo.Application.csproj", "{055BCB61-C8D5-4D57-9667-95407BBF7B08}"
EndProject
Project("{9A19103F-16F7-4668-BE54-9A1E7A4F7556}") = "NerdStore.Catalogo.Data", "03 - Testes de Integraçao\src\NerdStore.Catalogo.Data\NerdStore.Catalogo.Data.csproj", "{A6825592-B221-4D4D-A74D-F1922C36AFB5}"
EndProject
Project("{9A19103F-16F7-4668-BE54-9A1E7A4F7556}") = "NerdStore.Catalogo.Domain", "03 - Testes de Integraçao\src\NerdStore.Catalogo.Domain\NerdStore.Catalogo.Domain.csproj", "{E3F1A1C4-409C-45E4-865A-995EA4F3AB94}"
EndProject
Project("{FAE04EC0-301F-11D3-BF4B-00C04F79EFBC}") = "NerdStore.WebApp.MVC", "NerdStore.WebApp.MVC\NerdStore.WebApp.MVC.csproj", "{1863E12C-1FC2-4383-BECB-1BAF1C534C63}"
EndProject
Global
	GlobalSection(SolutionConfigurationPlatforms) = preSolution
		Debug|Any CPU = Debug|Any CPU
		Release|Any CPU = Release|Any CPU
	EndGlobalSection
	GlobalSection(ProjectConfigurationPlatforms) = postSolution
		{34D975D2-9687-4706-B809-3A9BC2E3AED1}.Debug|Any CPU.ActiveCfg = Debug|Any CPU
		{34D975D2-9687-4706-B809-3A9BC2E3AED1}.Debug|Any CPU.Build.0 = Debug|Any CPU
		{34D975D2-9687-4706-B809-3A9BC2E3AED1}.Release|Any CPU.ActiveCfg = Release|Any CPU
		{34D975D2-9687-4706-B809-3A9BC2E3AED1}.Release|Any CPU.Build.0 = Release|Any CPU
		{8CB9003E-2FC0-471B-813E-30C57A82C8AC}.Debug|Any CPU.ActiveCfg = Debug|Any CPU
		{8CB9003E-2FC0-471B-813E-30C57A82C8AC}.Debug|Any CPU.Build.0 = Debug|Any CPU
		{8CB9003E-2FC0-471B-813E-30C57A82C8AC}.Release|Any CPU.ActiveCfg = Release|Any CPU
		{8CB9003E-2FC0-471B-813E-30C57A82C8AC}.Release|Any CPU.Build.0 = Release|Any CPU
		{E8BE61D1-DBA1-4D91-A91D-48F42241352B}.Debug|Any CPU.ActiveCfg = Debug|Any CPU
		{E8BE61D1-DBA1-4D91-A91D-48F42241352B}.Debug|Any CPU.Build.0 = Debug|Any CPU
		{E8BE61D1-DBA1-4D91-A91D-48F42241352B}.Release|Any CPU.ActiveCfg = Release|Any CPU
		{E8BE61D1-DBA1-4D91-A91D-48F42241352B}.Release|Any CPU.Build.0 = Release|Any CPU
		{E5DD0FC7-7DA4-4EBD-9EB8-E65FA4DCD4C1}.Debug|Any CPU.ActiveCfg = Debug|Any CPU
		{E5DD0FC7-7DA4-4EBD-9EB8-E65FA4DCD4C1}.Debug|Any CPU.Build.0 = Debug|Any CPU
		{E5DD0FC7-7DA4-4EBD-9EB8-E65FA4DCD4C1}.Release|Any CPU.ActiveCfg = Release|Any CPU
		{E5DD0FC7-7DA4-4EBD-9EB8-E65FA4DCD4C1}.Release|Any CPU.Build.0 = Release|Any CPU
		{7724F29B-9063-4EFB-881C-3C6F1EE1F6E0}.Debug|Any CPU.ActiveCfg = Debug|Any CPU
		{7724F29B-9063-4EFB-881C-3C6F1EE1F6E0}.Debug|Any CPU.Build.0 = Debug|Any CPU
		{7724F29B-9063-4EFB-881C-3C6F1EE1F6E0}.Release|Any CPU.ActiveCfg = Release|Any CPU
		{7724F29B-9063-4EFB-881C-3C6F1EE1F6E0}.Release|Any CPU.Build.0 = Release|Any CPU
		{8DC21B5C-8F44-49D7-8F2D-793AE6E6E1AA}.Debug|Any CPU.ActiveCfg = Debug|Any CPU
		{8DC21B5C-8F44-49D7-8F2D-793AE6E6E1AA}.Debug|Any CPU.Build.0 = Debug|Any CPU
		{8DC21B5C-8F44-49D7-8F2D-793AE6E6E1AA}.Release|Any CPU.ActiveCfg = Release|Any CPU
		{8DC21B5C-8F44-49D7-8F2D-793AE6E6E1AA}.Release|Any CPU.Build.0 = Release|Any CPU
		{34795C35-B734-4543-BC9E-61F4C8445F42}.Debug|Any CPU.ActiveCfg = Debug|Any CPU
		{34795C35-B734-4543-BC9E-61F4C8445F42}.Debug|Any CPU.Build.0 = Debug|Any CPU
		{34795C35-B734-4543-BC9E-61F4C8445F42}.Release|Any CPU.ActiveCfg = Release|Any CPU
		{34795C35-B734-4543-BC9E-61F4C8445F42}.Release|Any CPU.Build.0 = Release|Any CPU
		{231750A1-D285-4E27-992D-98C6FC221FBD}.Debug|Any CPU.ActiveCfg = Debug|Any CPU
		{231750A1-D285-4E27-992D-98C6FC221FBD}.Debug|Any CPU.Build.0 = Debug|Any CPU
		{231750A1-D285-4E27-992D-98C6FC221FBD}.Release|Any CPU.ActiveCfg = Release|Any CPU
		{231750A1-D285-4E27-992D-98C6FC221FBD}.Release|Any CPU.Build.0 = Release|Any CPU
		{D31A9068-A54A-4A3E-AB9F-D7B8BBA565D7}.Debug|Any CPU.ActiveCfg = Debug|Any CPU
		{D31A9068-A54A-4A3E-AB9F-D7B8BBA565D7}.Debug|Any CPU.Build.0 = Debug|Any CPU
		{D31A9068-A54A-4A3E-AB9F-D7B8BBA565D7}.Release|Any CPU.ActiveCfg = Release|Any CPU
		{D31A9068-A54A-4A3E-AB9F-D7B8BBA565D7}.Release|Any CPU.Build.0 = Release|Any CPU
		{301D4139-9595-4541-BA54-C974C4E1995F}.Debug|Any CPU.ActiveCfg = Debug|Any CPU
		{301D4139-9595-4541-BA54-C974C4E1995F}.Debug|Any CPU.Build.0 = Debug|Any CPU
		{301D4139-9595-4541-BA54-C974C4E1995F}.Release|Any CPU.ActiveCfg = Release|Any CPU
		{301D4139-9595-4541-BA54-C974C4E1995F}.Release|Any CPU.Build.0 = Release|Any CPU
		{77E96C7F-BAD5-41BB-BAFC-2610F4227580}.Debug|Any CPU.ActiveCfg = Debug|Any CPU
		{77E96C7F-BAD5-41BB-BAFC-2610F4227580}.Debug|Any CPU.Build.0 = Debug|Any CPU
		{77E96C7F-BAD5-41BB-BAFC-2610F4227580}.Release|Any CPU.ActiveCfg = Release|Any CPU
		{77E96C7F-BAD5-41BB-BAFC-2610F4227580}.Release|Any CPU.Build.0 = Release|Any CPU
		{055BCB61-C8D5-4D57-9667-95407BBF7B08}.Debug|Any CPU.ActiveCfg = Debug|Any CPU
		{055BCB61-C8D5-4D57-9667-95407BBF7B08}.Debug|Any CPU.Build.0 = Debug|Any CPU
		{055BCB61-C8D5-4D57-9667-95407BBF7B08}.Release|Any CPU.ActiveCfg = Release|Any CPU
		{055BCB61-C8D5-4D57-9667-95407BBF7B08}.Release|Any CPU.Build.0 = Release|Any CPU
		{A6825592-B221-4D4D-A74D-F1922C36AFB5}.Debug|Any CPU.ActiveCfg = Debug|Any CPU
		{A6825592-B221-4D4D-A74D-F1922C36AFB5}.Debug|Any CPU.Build.0 = Debug|Any CPU
		{A6825592-B221-4D4D-A74D-F1922C36AFB5}.Release|Any CPU.ActiveCfg = Release|Any CPU
		{A6825592-B221-4D4D-A74D-F1922C36AFB5}.Release|Any CPU.Build.0 = Release|Any CPU
		{E3F1A1C4-409C-45E4-865A-995EA4F3AB94}.Debug|Any CPU.ActiveCfg = Debug|Any CPU
		{E3F1A1C4-409C-45E4-865A-995EA4F3AB94}.Debug|Any CPU.Build.0 = Debug|Any CPU
		{E3F1A1C4-409C-45E4-865A-995EA4F3AB94}.Release|Any CPU.ActiveCfg = Release|Any CPU
		{E3F1A1C4-409C-45E4-865A-995EA4F3AB94}.Release|Any CPU.Build.0 = Release|Any CPU
		{1863E12C-1FC2-4383-BECB-1BAF1C534C63}.Debug|Any CPU.ActiveCfg = Debug|Any CPU
		{1863E12C-1FC2-4383-BECB-1BAF1C534C63}.Debug|Any CPU.Build.0 = Debug|Any CPU
		{1863E12C-1FC2-4383-BECB-1BAF1C534C63}.Release|Any CPU.ActiveCfg = Release|Any CPU
		{1863E12C-1FC2-4383-BECB-1BAF1C534C63}.Release|Any CPU.Build.0 = Release|Any CPU
	EndGlobalSection
	GlobalSection(SolutionProperties) = preSolution
		HideSolutionNode = FALSE
	EndGlobalSection
	GlobalSection(NestedProjects) = preSolution
		{A73ED67A-EDE4-4131-8CEC-D6D5EC812CDA} = {3991D1EA-892F-4539-BCB0-AC59A6BEB97E}
		{34D975D2-9687-4706-B809-3A9BC2E3AED1} = {A73ED67A-EDE4-4131-8CEC-D6D5EC812CDA}
		{8CB9003E-2FC0-471B-813E-30C57A82C8AC} = {A73ED67A-EDE4-4131-8CEC-D6D5EC812CDA}
		{D9C2B6CA-F557-4FE5-8E36-14DF433E78B1} = {3991D1EA-892F-4539-BCB0-AC59A6BEB97E}
		{E8BE61D1-DBA1-4D91-A91D-48F42241352B} = {D9C2B6CA-F557-4FE5-8E36-14DF433E78B1}
		{E5DD0FC7-7DA4-4EBD-9EB8-E65FA4DCD4C1} = {D9C2B6CA-F557-4FE5-8E36-14DF433E78B1}
		{F51A05A8-7585-4B01-BF33-7F37E567CD07} = {8B7B57F4-6AE0-40E9-95E0-545A14241F1F}
		{7724F29B-9063-4EFB-881C-3C6F1EE1F6E0} = {F51A05A8-7585-4B01-BF33-7F37E567CD07}
		{8DC21B5C-8F44-49D7-8F2D-793AE6E6E1AA} = {F51A05A8-7585-4B01-BF33-7F37E567CD07}
		{34795C35-B734-4543-BC9E-61F4C8445F42} = {8B7B57F4-6AE0-40E9-95E0-545A14241F1F}
		{231750A1-D285-4E27-992D-98C6FC221FBD} = {8B7B57F4-6AE0-40E9-95E0-545A14241F1F}
		{D31A9068-A54A-4A3E-AB9F-D7B8BBA565D7} = {8B7B57F4-6AE0-40E9-95E0-545A14241F1F}
		{301D4139-9595-4541-BA54-C974C4E1995F} = {8B7B57F4-6AE0-40E9-95E0-545A14241F1F}
		{4243232B-E980-4BC1-9DAA-832C78EE95B4} = {766A02CB-5292-4146-ADCF-30BC067646FC}
		{77E96C7F-BAD5-41BB-BAFC-2610F4227580} = {4243232B-E980-4BC1-9DAA-832C78EE95B4}
		{055BCB61-C8D5-4D57-9667-95407BBF7B08} = {766A02CB-5292-4146-ADCF-30BC067646FC}
		{A6825592-B221-4D4D-A74D-F1922C36AFB5} = {766A02CB-5292-4146-ADCF-30BC067646FC}
		{E3F1A1C4-409C-45E4-865A-995EA4F3AB94} = {766A02CB-5292-4146-ADCF-30BC067646FC}
		{1863E12C-1FC2-4383-BECB-1BAF1C534C63} = {766A02CB-5292-4146-ADCF-30BC067646FC}
	EndGlobalSection
	GlobalSection(ExtensibilityGlobals) = postSolution
		SolutionGuid = {34DFE3A9-65C0-40F3-8C26-E0C515EB17D9}
	EndGlobalSection
EndGlobal
